// !$*UTF8*$!
{
	archiveVersion = 1;
	classes = {
	};
	objectVersion = 46;
	objects = {

/* Begin PBXBuildFile section */
		337C8E0D1E5B2A7E00484024 /* main.m in Sources */ = {isa = PBXBuildFile; fileRef = 337C8E0C1E5B2A7E00484024 /* main.m */; };
		337C8E101E5B2A7E00484024 /* AppDelegate.m in Sources */ = {isa = PBXBuildFile; fileRef = 337C8E0F1E5B2A7E00484024 /* AppDelegate.m */; };
		337C8E161E5B2A7E00484024 /* Main.storyboard in Resources */ = {isa = PBXBuildFile; fileRef = 337C8E141E5B2A7E00484024 /* Main.storyboard */; };
		337C8E181E5B2A7E00484024 /* Assets.xcassets in Resources */ = {isa = PBXBuildFile; fileRef = 337C8E171E5B2A7E00484024 /* Assets.xcassets */; };
		337C8E1B1E5B2A7E00484024 /* LaunchScreen.storyboard in Resources */ = {isa = PBXBuildFile; fileRef = 337C8E191E5B2A7E00484024 /* LaunchScreen.storyboard */; };
		337C8E261E5B2A7E00484024 /* MyTableViewCellTests.m in Sources */ = {isa = PBXBuildFile; fileRef = 337C8E251E5B2A7E00484024 /* MyTableViewCellTests.m */; };
		337C8E311E5B2A7E00484024 /* MyTableViewCellUITests.m in Sources */ = {isa = PBXBuildFile; fileRef = 337C8E301E5B2A7E00484024 /* MyTableViewCellUITests.m */; };
		337C8E401E5B30FE00484024 /* BaseTableViewCell.m in Sources */ = {isa = PBXBuildFile; fileRef = 337C8E3F1E5B30FE00484024 /* BaseTableViewCell.m */; };
		337C8E431E5B344E00484024 /* MyViewController.m in Sources */ = {isa = PBXBuildFile; fileRef = 337C8E421E5B344E00484024 /* MyViewController.m */; };
/* End PBXBuildFile section */

/* Begin PBXContainerItemProxy section */
		337C8E221E5B2A7E00484024 /* PBXContainerItemProxy */ = {
			isa = PBXContainerItemProxy;
			containerPortal = 337C8E001E5B2A7E00484024 /* Project object */;
			proxyType = 1;
			remoteGlobalIDString = 337C8E071E5B2A7E00484024;
			remoteInfo = MyTableViewCell;
		};
		337C8E2D1E5B2A7E00484024 /* PBXContainerItemProxy */ = {
			isa = PBXContainerItemProxy;
			containerPortal = 337C8E001E5B2A7E00484024 /* Project object */;
			proxyType = 1;
			remoteGlobalIDString = 337C8E071E5B2A7E00484024;
			remoteInfo = MyTableViewCell;
		};
/* End PBXContainerItemProxy section */

/* Begin PBXFileReference section */
		337C8E081E5B2A7E00484024 /* MyTableViewCell.app */ = {isa = PBXFileReference; explicitFileType = wrapper.application; includeInIndex = 0; path = MyTableViewCell.app; sourceTree = BUILT_PRODUCTS_DIR; };
		337C8E0C1E5B2A7E00484024 /* main.m */ = {isa = PBXFileReference; lastKnownFileType = sourcecode.c.objc; path = main.m; sourceTree = "<group>"; };
		337C8E0E1E5B2A7E00484024 /* AppDelegate.h */ = {isa = PBXFileReference; lastKnownFileType = sourcecode.c.h; path = AppDelegate.h; sourceTree = "<group>"; };
		337C8E0F1E5B2A7E00484024 /* AppDelegate.m */ = {isa = PBXFileReference; lastKnownFileType = sourcecode.c.objc; path = AppDelegate.m; sourceTree = "<group>"; };
		337C8E151E5B2A7E00484024 /* Base */ = {isa = PBXFileReference; lastKnownFileType = file.storyboard; name = Base; path = Base.lproj/Main.storyboard; sourceTree = "<group>"; };
		337C8E171E5B2A7E00484024 /* Assets.xcassets */ = {isa = PBXFileReference; lastKnownFileType = folder.assetcatalog; path = Assets.xcassets; sourceTree = "<group>"; };
		337C8E1A1E5B2A7E00484024 /* Base */ = {isa = PBXFileReference; lastKnownFileType = file.storyboard; name = Base; path = Base.lproj/LaunchScreen.storyboard; sourceTree = "<group>"; };
		337C8E1C1E5B2A7E00484024 /* Info.plist */ = {isa = PBXFileReference; lastKnownFileType = text.plist.xml; path = Info.plist; sourceTree = "<group>"; };
		337C8E211E5B2A7E00484024 /* MyTableViewCellTests.xctest */ = {isa = PBXFileReference; explicitFileType = wrapper.cfbundle; includeInIndex = 0; path = MyTableViewCellTests.xctest; sourceTree = BUILT_PRODUCTS_DIR; };
		337C8E251E5B2A7E00484024 /* MyTableViewCellTests.m */ = {isa = PBXFileReference; lastKnownFileType = sourcecode.c.objc; path = MyTableViewCellTests.m; sourceTree = "<group>"; };
		337C8E271E5B2A7E00484024 /* Info.plist */ = {isa = PBXFileReference; lastKnownFileType = text.plist.xml; path = Info.plist; sourceTree = "<group>"; };
		337C8E2C1E5B2A7E00484024 /* MyTableViewCellUITests.xctest */ = {isa = PBXFileReference; explicitFileType = wrapper.cfbundle; includeInIndex = 0; path = MyTableViewCellUITests.xctest; sourceTree = BUILT_PRODUCTS_DIR; };
		337C8E301E5B2A7E00484024 /* MyTableViewCellUITests.m */ = {isa = PBXFileReference; lastKnownFileType = sourcecode.c.objc; path = MyTableViewCellUITests.m; sourceTree = "<group>"; };
		337C8E321E5B2A7E00484024 /* Info.plist */ = {isa = PBXFileReference; lastKnownFileType = text.plist.xml; path = Info.plist; sourceTree = "<group>"; };
		337C8E3E1E5B30FE00484024 /* BaseTableViewCell.h */ = {isa = PBXFileReference; fileEncoding = 4; lastKnownFileType = sourcecode.c.h; path = BaseTableViewCell.h; sourceTree = "<group>"; };
		337C8E3F1E5B30FE00484024 /* BaseTableViewCell.m */ = {isa = PBXFileReference; fileEncoding = 4; lastKnownFileType = sourcecode.c.objc; path = BaseTableViewCell.m; sourceTree = "<group>"; };
		337C8E411E5B344E00484024 /* MyViewController.h */ = {isa = PBXFileReference; fileEncoding = 4; lastKnownFileType = sourcecode.c.h; path = MyViewController.h; sourceTree = "<group>"; };
		337C8E421E5B344E00484024 /* MyViewController.m */ = {isa = PBXFileReference; fileEncoding = 4; lastKnownFileType = sourcecode.c.objc; path = MyViewController.m; sourceTree = "<group>"; };
/* End PBXFileReference section */

/* Begin PBXFrameworksBuildPhase section */
		337C8E051E5B2A7E00484024 /* Frameworks */ = {
			isa = PBXFrameworksBuildPhase;
			buildActionMask = 2147483647;
			files = (
			);
			runOnlyForDeploymentPostprocessing = 0;
		};
		337C8E1E1E5B2A7E00484024 /* Frameworks */ = {
			isa = PBXFrameworksBuildPhase;
			buildActionMask = 2147483647;
			files = (
			);
			runOnlyForDeploymentPostprocessing = 0;
		};
		337C8E291E5B2A7E00484024 /* Frameworks */ = {
			isa = PBXFrameworksBuildPhase;
			buildActionMask = 2147483647;
			files = (
			);
			runOnlyForDeploymentPostprocessing = 0;
		};
/* End PBXFrameworksBuildPhase section */

/* Begin PBXGroup section */
		337C8DFF1E5B2A7E00484024 = {
			isa = PBXGroup;
			children = (
				337C8E0A1E5B2A7E00484024 /* MyTableViewCell */,
				337C8E241E5B2A7E00484024 /* MyTableViewCellTests */,
				337C8E2F1E5B2A7E00484024 /* MyTableViewCellUITests */,
				337C8E091E5B2A7E00484024 /* Products */,
			);
			sourceTree = "<group>";
		};
		337C8E091E5B2A7E00484024 /* Products */ = {
			isa = PBXGroup;
			children = (
				337C8E081E5B2A7E00484024 /* MyTableViewCell.app */,
				337C8E211E5B2A7E00484024 /* MyTableViewCellTests.xctest */,
				337C8E2C1E5B2A7E00484024 /* MyTableViewCellUITests.xctest */,
			);
			name = Products;
			sourceTree = "<group>";
		};
		337C8E0A1E5B2A7E00484024 /* MyTableViewCell */ = {
			isa = PBXGroup;
			children = (
				337C8E0E1E5B2A7E00484024 /* AppDelegate.h */,
				337C8E0F1E5B2A7E00484024 /* AppDelegate.m */,
				337C8E411E5B344E00484024 /* MyViewController.h */,
				337C8E421E5B344E00484024 /* MyViewController.m */,
				337C8E3E1E5B30FE00484024 /* BaseTableViewCell.h */,
				337C8E3F1E5B30FE00484024 /* BaseTableViewCell.m */,
				337C8E141E5B2A7E00484024 /* Main.storyboard */,
				337C8E171E5B2A7E00484024 /* Assets.xcassets */,
				337C8E191E5B2A7E00484024 /* LaunchScreen.storyboard */,
				337C8E1C1E5B2A7E00484024 /* Info.plist */,
				337C8E0B1E5B2A7E00484024 /* Supporting Files */,
			);
			path = MyTableViewCell;
			sourceTree = "<group>";
		};
		337C8E0B1E5B2A7E00484024 /* Supporting Files */ = {
			isa = PBXGroup;
			children = (
				337C8E0C1E5B2A7E00484024 /* main.m */,
			);
			name = "Supporting Files";
			sourceTree = "<group>";
		};
		337C8E241E5B2A7E00484024 /* MyTableViewCellTests */ = {
			isa = PBXGroup;
			children = (
				337C8E251E5B2A7E00484024 /* MyTableViewCellTests.m */,
				337C8E271E5B2A7E00484024 /* Info.plist */,
			);
			path = MyTableViewCellTests;
			sourceTree = "<group>";
		};
		337C8E2F1E5B2A7E00484024 /* MyTableViewCellUITests */ = {
			isa = PBXGroup;
			children = (
				337C8E301E5B2A7E00484024 /* MyTableViewCellUITests.m */,
				337C8E321E5B2A7E00484024 /* Info.plist */,
			);
			path = MyTableViewCellUITests;
			sourceTree = "<group>";
		};
/* End PBXGroup section */

/* Begin PBXNativeTarget section */
		337C8E071E5B2A7E00484024 /* MyTableViewCell */ = {
			isa = PBXNativeTarget;
			buildConfigurationList = 337C8E351E5B2A7E00484024 /* Build configuration list for PBXNativeTarget "MyTableViewCell" */;
			buildPhases = (
				337C8E041E5B2A7E00484024 /* Sources */,
				337C8E051E5B2A7E00484024 /* Frameworks */,
				337C8E061E5B2A7E00484024 /* Resources */,
			);
			buildRules = (
			);
			dependencies = (
			);
			name = MyTableViewCell;
			productName = MyTableViewCell;
			productReference = 337C8E081E5B2A7E00484024 /* MyTableViewCell.app */;
			productType = "com.apple.product-type.application";
		};
		337C8E201E5B2A7E00484024 /* MyTableViewCellTests */ = {
			isa = PBXNativeTarget;
			buildConfigurationList = 337C8E381E5B2A7E00484024 /* Build configuration list for PBXNativeTarget "MyTableViewCellTests" */;
			buildPhases = (
				337C8E1D1E5B2A7E00484024 /* Sources */,
				337C8E1E1E5B2A7E00484024 /* Frameworks */,
				337C8E1F1E5B2A7E00484024 /* Resources */,
			);
			buildRules = (
			);
			dependencies = (
				337C8E231E5B2A7E00484024 /* PBXTargetDependency */,
			);
			name = MyTableViewCellTests;
			productName = MyTableViewCellTests;
			productReference = 337C8E211E5B2A7E00484024 /* MyTableViewCellTests.xctest */;
			productType = "com.apple.product-type.bundle.unit-test";
		};
		337C8E2B1E5B2A7E00484024 /* MyTableViewCellUITests */ = {
			isa = PBXNativeTarget;
			buildConfigurationList = 337C8E3B1E5B2A7E00484024 /* Build configuration list for PBXNativeTarget "MyTableViewCellUITests" */;
			buildPhases = (
				337C8E281E5B2A7E00484024 /* Sources */,
				337C8E291E5B2A7E00484024 /* Frameworks */,
				337C8E2A1E5B2A7E00484024 /* Resources */,
			);
			buildRules = (
			);
			dependencies = (
				337C8E2E1E5B2A7E00484024 /* PBXTargetDependency */,
			);
			name = MyTableViewCellUITests;
			productName = MyTableViewCellUITests;
			productReference = 337C8E2C1E5B2A7E00484024 /* MyTableViewCellUITests.xctest */;
			productType = "com.apple.product-type.bundle.ui-testing";
		};
/* End PBXNativeTarget section */

/* Begin PBXProject section */
		337C8E001E5B2A7E00484024 /* Project object */ = {
			isa = PBXProject;
			attributes = {
				LastUpgradeCheck = 0820;
				ORGANIZATIONNAME = Arthur;
				TargetAttributes = {
					337C8E071E5B2A7E00484024 = {
						CreatedOnToolsVersion = 8.2.1;
						ProvisioningStyle = Automatic;
					};
					337C8E201E5B2A7E00484024 = {
						CreatedOnToolsVersion = 8.2.1;
						ProvisioningStyle = Automatic;
						TestTargetID = 337C8E071E5B2A7E00484024;
					};
					337C8E2B1E5B2A7E00484024 = {
						CreatedOnToolsVersion = 8.2.1;
						ProvisioningStyle = Automatic;
						TestTargetID = 337C8E071E5B2A7E00484024;
					};
				};
			};
			buildConfigurationList = 337C8E031E5B2A7E00484024 /* Build configuration list for PBXProject "MyTableViewCell" */;
			compatibilityVersion = "Xcode 3.2";
			developmentRegion = English;
			hasScannedForEncodings = 0;
			knownRegions = (
				en,
				Base,
			);
			mainGroup = 337C8DFF1E5B2A7E00484024;
			productRefGroup = 337C8E091E5B2A7E00484024 /* Products */;
			projectDirPath = "";
			projectRoot = "";
			targets = (
				337C8E071E5B2A7E00484024 /* MyTableViewCell */,
				337C8E201E5B2A7E00484024 /* MyTableViewCellTests */,
				337C8E2B1E5B2A7E00484024 /* MyTableViewCellUITests */,
			);
		};
/* End PBXProject section */

/* Begin PBXResourcesBuildPhase section */
		337C8E061E5B2A7E00484024 /* Resources */ = {
			isa = PBXResourcesBuildPhase;
			buildActionMask = 2147483647;
			files = (
				337C8E1B1E5B2A7E00484024 /* LaunchScreen.storyboard in Resources */,
				337C8E181E5B2A7E00484024 /* Assets.xcassets in Resources */,
				337C8E161E5B2A7E00484024 /* Main.storyboard in Resources */,
			);
			runOnlyForDeploymentPostprocessing = 0;
		};
		337C8E1F1E5B2A7E00484024 /* Resources */ = {
			isa = PBXResourcesBuildPhase;
			buildActionMask = 2147483647;
			files = (
			);
			runOnlyForDeploymentPostprocessing = 0;
		};
		337C8E2A1E5B2A7E00484024 /* Resources */ = {
			isa = PBXResourcesBuildPhase;
			buildActionMask = 2147483647;
			files = (
			);
			runOnlyForDeploymentPostprocessing = 0;
		};
/* End PBXResourcesBuildPhase section */

/* Begin PBXSourcesBuildPhase section */
		337C8E041E5B2A7E00484024 /* Sources */ = {
			isa = PBXSourcesBuildPhase;
			buildActionMask = 2147483647;
			files = (
				337C8E401E5B30FE00484024 /* BaseTableViewCell.m in Sources */,
				337C8E101E5B2A7E00484024 /* AppDelegate.m in Sources */,
				337C8E431E5B344E00484024 /* MyViewController.m in Sources */,
				337C8E0D1E5B2A7E00484024 /* main.m in Sources */,
			);
			runOnlyForDeploymentPostprocessing = 0;
		};
		337C8E1D1E5B2A7E00484024 /* Sources */ = {
			isa = PBXSourcesBuildPhase;
			buildActionMask = 2147483647;
			files = (
				337C8E261E5B2A7E00484024 /* MyTableViewCellTests.m in Sources */,
			);
			runOnlyForDeploymentPostprocessing = 0;
		};
		337C8E281E5B2A7E00484024 /* Sources */ = {
			isa = PBXSourcesBuildPhase;
			buildActionMask = 2147483647;
			files = (
				337C8E311E5B2A7E00484024 /* MyTableViewCellUITests.m in Sources */,
			);
			runOnlyForDeploymentPostprocessing = 0;
		};
/* End PBXSourcesBuildPhase section */

/* Begin PBXTargetDependency section */
		337C8E231E5B2A7E00484024 /* PBXTargetDependency */ = {
			isa = PBXTargetDependency;
			target = 337C8E071E5B2A7E00484024 /* MyTableViewCell */;
			targetProxy = 337C8E221E5B2A7E00484024 /* PBXContainerItemProxy */;
		};
		337C8E2E1E5B2A7E00484024 /* PBXTargetDependency */ = {
			isa = PBXTargetDependency;
			target = 337C8E071E5B2A7E00484024 /* MyTableViewCell */;
			targetProxy = 337C8E2D1E5B2A7E00484024 /* PBXContainerItemProxy */;
		};
/* End PBXTargetDependency section */

/* Begin PBXVariantGroup section */
		337C8E141E5B2A7E00484024 /* Main.storyboard */ = {
			isa = PBXVariantGroup;
			children = (
				337C8E151E5B2A7E00484024 /* Base */,
			);
			name = Main.storyboard;
			sourceTree = "<group>";
		};
		337C8E191E5B2A7E00484024 /* LaunchScreen.storyboard */ = {
			isa = PBXVariantGroup;
			children = (
				337C8E1A1E5B2A7E00484024 /* Base */,
			);
			name = LaunchScreen.storyboard;
			sourceTree = "<group>";
		};
/* End PBXVariantGroup section */

/* Begin XCBuildConfiguration section */
		337C8E331E5B2A7E00484024 /* Debug */ = {
			isa = XCBuildConfiguration;
			buildSettings = {
				ALWAYS_SEARCH_USER_PATHS = NO;
				CLANG_ANALYZER_NONNULL = YES;
				CLANG_CXX_LANGUAGE_STANDARD = "gnu++0x";
				CLANG_CXX_LIBRARY = "libc++";
				CLANG_ENABLE_MODULES = YES;
				CLANG_ENABLE_OBJC_ARC = YES;
				CLANG_WARN_BOOL_CONVERSION = YES;
				CLANG_WARN_CONSTANT_CONVERSION = YES;
				CLANG_WARN_DIRECT_OBJC_ISA_USAGE = YES_ERROR;
				CLANG_WARN_DOCUMENTATION_COMMENTS = YES;
				CLANG_WARN_EMPTY_BODY = YES;
				CLANG_WARN_ENUM_CONVERSION = YES;
				CLANG_WARN_INFINITE_RECURSION = YES;
				CLANG_WARN_INT_CONVERSION = YES;
				CLANG_WARN_OBJC_ROOT_CLASS = YES_ERROR;
				CLANG_WARN_SUSPICIOUS_MOVE = YES;
				CLANG_WARN_UNREACHABLE_CODE = YES;
				CLANG_WARN__DUPLICATE_METHOD_MATCH = YES;
				"CODE_SIGN_IDENTITY[sdk=iphoneos*]" = "iPhone Developer";
				COPY_PHASE_STRIP = NO;
				DEBUG_INFORMATION_FORMAT = dwarf;
				ENABLE_STRICT_OBJC_MSGSEND = YES;
				ENABLE_TESTABILITY = YES;
				GCC_C_LANGUAGE_STANDARD = gnu99;
				GCC_DYNAMIC_NO_PIC = NO;
				GCC_NO_COMMON_BLOCKS = YES;
				GCC_OPTIMIZATION_LEVEL = 0;
				GCC_PREPROCESSOR_DEFINITIONS = (
					"DEBUG=1",
					"$(inherited)",
				);
				GCC_WARN_64_TO_32_BIT_CONVERSION = YES;
				GCC_WARN_ABOUT_RETURN_TYPE = YES_ERROR;
				GCC_WARN_UNDECLARED_SELECTOR = YES;
				GCC_WARN_UNINITIALIZED_AUTOS = YES_AGGRESSIVE;
				GCC_WARN_UNUSED_FUNCTION = YES;
				GCC_WARN_UNUSED_VARIABLE = YES;
				IPHONEOS_DEPLOYMENT_TARGET = 10.2;
				MTL_ENABLE_DEBUG_INFO = YES;
				ONLY_ACTIVE_ARCH = YES;
				SDKROOT = iphoneos;
				TARGETED_DEVICE_FAMILY = "1,2";
			};
			name = Debug;
		};
		337C8E341E5B2A7E00484024 /* Release */ = {
			isa = XCBuildConfiguration;
			buildSettings = {
				ALWAYS_SEARCH_USER_PATHS = NO;
				CLANG_ANALYZER_NONNULL = YES;
				CLANG_CXX_LANGUAGE_STANDARD = "gnu++0x";
				CLANG_CXX_LIBRARY = "libc++";
				CLANG_ENABLE_MODULES = YES;
				CLANG_ENABLE_OBJC_ARC = YES;
				CLANG_WARN_BOOL_CONVERSION = YES;
				CLANG_WARN_CONSTANT_CONVERSION = YES;
				CLANG_WARN_DIRECT_OBJC_ISA_USAGE = YES_ERROR;
				CLANG_WARN_DOCUMENTATION_COMMENTS = YES;
				CLANG_WARN_EMPTY_BODY = YES;
				CLANG_WARN_ENUM_CONVERSION = YES;
				CLANG_WARN_INFINITE_RECURSION = YES;
				CLANG_WARN_INT_CONVERSION = YES;
				CLANG_WARN_OBJC_ROOT_CLASS = YES_ERROR;
				CLANG_WARN_SUSPICIOUS_MOVE = YES;
				CLANG_WARN_UNREACHABLE_CODE = YES;
				CLANG_WARN__DUPLICATE_METHOD_MATCH = YES;
				"CODE_SIGN_IDENTITY[sdk=iphoneos*]" = "iPhone Developer";
				COPY_PHASE_STRIP = NO;
				DEBUG_INFORMATION_FORMAT = "dwarf-with-dsym";
				ENABLE_NS_ASSERTIONS = NO;
				ENABLE_STRICT_OBJC_MSGSEND = YES;
				GCC_C_LANGUAGE_STANDARD = gnu99;
				GCC_NO_COMMON_BLOCKS = YES;
				GCC_WARN_64_TO_32_BIT_CONVERSION = YES;
				GCC_WARN_ABOUT_RETURN_TYPE = YES_ERROR;
				GCC_WARN_UNDECLARED_SELECTOR = YES;
				GCC_WARN_UNINITIALIZED_AUTOS = YES_AGGRESSIVE;
				GCC_WARN_UNUSED_FUNCTION = YES;
				GCC_WARN_UNUSED_VARIABLE = YES;
				IPHONEOS_DEPLOYMENT_TARGET = 10.2;
				MTL_ENABLE_DEBUG_INFO = NO;
				SDKROOT = iphoneos;
				TARGETED_DEVICE_FAMILY = "1,2";
				VALIDATE_PRODUCT = YES;
			};
			name = Release;
		};
		337C8E361E5B2A7E00484024 /* Debug */ = {
			isa = XCBuildConfiguration;
			buildSettings = {
				ASSETCATALOG_COMPILER_APPICON_NAME = AppIcon;
				INFOPLIST_FILE = MyTableViewCell/Info.plist;
				LD_RUNPATH_SEARCH_PATHS = "$(inherited) @executable_path/Frameworks";
				PRODUCT_BUNDLE_IDENTIFIER = com.arthur.MyTableViewCell;
				PRODUCT_NAME = "$(TARGET_NAME)";
			};
			name = Debug;
		};
		337C8E371E5B2A7E00484024 /* Release */ = {
			isa = XCBuildConfiguration;
			buildSettings = {
				ASSETCATALOG_COMPILER_APPICON_NAME = AppIcon;
				INFOPLIST_FILE = MyTableViewCell/Info.plist;
				LD_RUNPATH_SEARCH_PATHS = "$(inherited) @executable_path/Frameworks";
				PRODUCT_BUNDLE_IDENTIFIER = com.arthur.MyTableViewCell;
				PRODUCT_NAME = "$(TARGET_NAME)";
			};
			name = Release;
		};
		337C8E391E5B2A7E00484024 /* Debug */ = {
			isa = XCBuildConfiguration;
			buildSettings = {
				BUNDLE_LOADER = "$(TEST_HOST)";
				INFOPLIST_FILE = MyTableViewCellTests/Info.plist;
				LD_RUNPATH_SEARCH_PATHS = "$(inherited) @executable_path/Frameworks @loader_path/Frameworks";
				PRODUCT_BUNDLE_IDENTIFIER = com.arthur.MyTableViewCellTests;
				PRODUCT_NAME = "$(TARGET_NAME)";
				TEST_HOST = "$(BUILT_PRODUCTS_DIR)/MyTableViewCell.app/MyTableViewCell";
			};
			name = Debug;
		};
		337C8E3A1E5B2A7E00484024 /* Release */ = {
			isa = XCBuildConfiguration;
			buildSettings = {
				BUNDLE_LOADER = "$(TEST_HOST)";
				INFOPLIST_FILE = MyTableViewCellTests/Info.plist;
				LD_RUNPATH_SEARCH_PATHS = "$(inherited) @executable_path/Frameworks @loader_path/Frameworks";
				PRODUCT_BUNDLE_IDENTIFIER = com.arthur.MyTableViewCellTests;
				PRODUCT_NAME = "$(TARGET_NAME)";
				TEST_HOST = "$(BUILT_PRODUCTS_DIR)/MyTableViewCell.app/MyTableViewCell";
			};
			name = Release;
		};
		337C8E3C1E5B2A7E00484024 /* Debug */ = {
			isa = XCBuildConfiguration;
			buildSettings = {
				INFOPLIST_FILE = MyTableViewCellUITests/Info.plist;
				LD_RUNPATH_SEARCH_PATHS = "$(inherited) @executable_path/Frameworks @loader_path/Frameworks";
				PRODUCT_BUNDLE_IDENTIFIER = com.arthur.MyTableViewCellUITests;
				PRODUCT_NAME = "$(TARGET_NAME)";
				TEST_TARGET_NAME = MyTableViewCell;
			};
			name = Debug;
		};
		337C8E3D1E5B2A7E00484024 /* Release */ = {
			isa = XCBuildConfiguration;
			buildSettings = {
				INFOPLIST_FILE = MyTableViewCellUITests/Info.plist;
				LD_RUNPATH_SEARCH_PATHS = "$(inherited) @executable_path/Frameworks @loader_path/Frameworks";
				PRODUCT_BUNDLE_IDENTIFIER = com.arthur.MyTableViewCellUITests;
				PRODUCT_NAME = "$(TARGET_NAME)";
				TEST_TARGET_NAME = MyTableViewCell;
			};
			name = Release;
		};
/* End XCBuildConfiguration section */

/* Begin XCConfigurationList section */
		337C8E031E5B2A7E00484024 /* Build configuration list for PBXProject "MyTableViewCell" */ = {
			isa = XCConfigurationList;
			buildConfigurations = (
				337C8E331E5B2A7E00484024 /* Debug */,
				337C8E341E5B2A7E00484024 /* Release */,
			);
			defaultConfigurationIsVisible = 0;
			defaultConfigurationName = Release;
		};
		337C8E351E5B2A7E00484024 /* Build configuration list for PBXNativeTarget "MyTableViewCell" */ = {
			isa = XCConfigurationList;
			buildConfigurations = (
				337C8E361E5B2A7E00484024 /* Debug */,
				337C8E371E5B2A7E00484024 /* Release */,
			);
			defaultConfigurationIsVisible = 0;
			defaultConfigurationName = Release;
		};
		337C8E381E5B2A7E00484024 /* Build configuration list for PBXNativeTarget "MyTableViewCellTests" */ = {
			isa = XCConfigurationList;
			buildConfigurations = (
				337C8E391E5B2A7E00484024 /* Debug */,
				337C8E3A1E5B2A7E00484024 /* Release */,
			);
			defaultConfigurationIsVisible = 0;
			defaultConfigurationName = Release;
		};
		337C8E3B1E5B2A7E00484024 /* Build configuration list for PBXNativeTarget "MyTableViewCellUITests" */ = {
			isa = XCConfigurationList;
			buildConfigurations = (
				337C8E3C1E5B2A7E00484024 /* Debug */,
				337C8E3D1E5B2A7E00484024 /* Release */,
			);
			defaultConfigurationIsVisible = 0;
			defaultConfigurationName = Release;
		};
/* End XCConfigurationList section */
	};
	rootObject = 337C8E001E5B2A7E00484024 /* Project object */;
}
